dependencies:
- name: postgresql
  repository: oci://registry-1.docker.io/bitnamicharts
  version: 16.7.27
- name: redis
  repository: oci://registry-1.docker.io/bitnamicharts
  version: 22.0.7
- name: clickhouse
  repository: oci://registry-1.docker.io/bitnamicharts
  version: 9.4.4
digest: sha256:1e0a585cfeda44a3c3226b653e5ff0ac4e59b917af9a7623a0eb7c0379137e42
generated: "2025-09-21T13:13:36.067111-04:00"
